// !$*UTF8*$!
{
	archiveVersion = 1;
	classes = {
	};
	objectVersion = 50;
	objects = {

/* Begin PBXBuildFile section */
		7393B3D7268C624300E8C7A5 /* AppDelegate.swift in Sources */ = {isa = PBXBuildFile; fileRef = 7393B3D6268C624300E8C7A5 /* AppDelegate.swift */; };
		7393B3D9268C624300E8C7A5 /* SceneDelegate.swift in Sources */ = {isa = PBXBuildFile; fileRef = 7393B3D8268C624300E8C7A5 /* SceneDelegate.swift */; };
		7393B3DB268C624300E8C7A5 /* ViewController.swift in Sources */ = {isa = PBXBuildFile; fileRef = 7393B3DA268C624300E8C7A5 /* ViewController.swift */; };
		7393B3DE268C624300E8C7A5 /* Main.storyboard in Resources */ = {isa = PBXBuildFile; fileRef = 7393B3DC268C624300E8C7A5 /* Main.storyboard */; };
		7393B3E0268C624500E8C7A5 /* Assets.xcassets in Resources */ = {isa = PBXBuildFile; fileRef = 7393B3DF268C624500E8C7A5 /* Assets.xcassets */; };
		7393B3E3268C624500E8C7A5 /* LaunchScreen.storyboard in Resources */ = {isa = PBXBuildFile; fileRef = 7393B3E1268C624500E8C7A5 /* LaunchScreen.storyboard */; };
		7393B3F5268C642200E8C7A5 /* 7.jpg in Resources */ = {isa = PBXBuildFile; fileRef = 7393B3EB268C642200E8C7A5 /* 7.jpg */; };
		7393B3F6268C642200E8C7A5 /* 5.jpg in Resources */ = {isa = PBXBuildFile; fileRef = 7393B3EC268C642200E8C7A5 /* 5.jpg */; };
		7393B3F7268C642200E8C7A5 /* 6.jpg in Resources */ = {isa = PBXBuildFile; fileRef = 7393B3ED268C642200E8C7A5 /* 6.jpg */; };
		7393B3F8268C642200E8C7A5 /* 8.jpg in Resources */ = {isa = PBXBuildFile; fileRef = 7393B3EE268C642200E8C7A5 /* 8.jpg */; };
		7393B3F9268C642200E8C7A5 /* 2.jpg in Resources */ = {isa = PBXBuildFile; fileRef = 7393B3EF268C642200E8C7A5 /* 2.jpg */; };
		7393B3FA268C642200E8C7A5 /* 4.jpg in Resources */ = {isa = PBXBuildFile; fileRef = 7393B3F0268C642200E8C7A5 /* 4.jpg */; };
		7393B3FB268C642200E8C7A5 /* 10.jpg in Resources */ = {isa = PBXBuildFile; fileRef = 7393B3F1268C642200E8C7A5 /* 10.jpg */; };
		7393B3FC268C642200E8C7A5 /* 1.jpg in Resources */ = {isa = PBXBuildFile; fileRef = 7393B3F2268C642200E8C7A5 /* 1.jpg */; };
		7393B3FD268C642200E8C7A5 /* 9.jpg in Resources */ = {isa = PBXBuildFile; fileRef = 7393B3F3268C642200E8C7A5 /* 9.jpg */; };
		7393B3FE268C642200E8C7A5 /* 3.jpg in Resources */ = {isa = PBXBuildFile; fileRef = 7393B3F4268C642200E8C7A5 /* 3.jpg */; };
/* End PBXBuildFile section */

/* Begin PBXFileReference section */
		7393B3D3268C624300E8C7A5 /* PickerView.app */ = {isa = PBXFileReference; explicitFileType = wrapper.application; includeInIndex = 0; path = PickerView.app; sourceTree = BUILT_PRODUCTS_DIR; };
		7393B3D6268C624300E8C7A5 /* AppDelegate.swift */ = {isa = PBXFileReference; lastKnownFileType = sourcecode.swift; path = AppDelegate.swift; sourceTree = "<group>"; };
		7393B3D8268C624300E8C7A5 /* SceneDelegate.swift */ = {isa = PBXFileReference; lastKnownFileType = sourcecode.swift; path = SceneDelegate.swift; sourceTree = "<group>"; };
		7393B3DA268C624300E8C7A5 /* ViewController.swift */ = {isa = PBXFileReference; lastKnownFileType = sourcecode.swift; path = ViewController.swift; sourceTree = "<group>"; };
		7393B3DD268C624300E8C7A5 /* Base */ = {isa = PBXFileReference; lastKnownFileType = file.storyboard; name = Base; path = Base.lproj/Main.storyboard; sourceTree = "<group>"; };
		7393B3DF268C624500E8C7A5 /* Assets.xcassets */ = {isa = PBXFileReference; lastKnownFileType = folder.assetcatalog; path = Assets.xcassets; sourceTree = "<group>"; };
		7393B3E2268C624500E8C7A5 /* Base */ = {isa = PBXFileReference; lastKnownFileType = file.storyboard; name = Base; path = Base.lproj/LaunchScreen.storyboard; sourceTree = "<group>"; };
		7393B3E4268C624500E8C7A5 /* Info.plist */ = {isa = PBXFileReference; lastKnownFileType = text.plist.xml; path = Info.plist; sourceTree = "<group>"; };
		7393B3EB268C642200E8C7A5 /* 7.jpg */ = {isa = PBXFileReference; lastKnownFileType = image.jpeg; path = 7.jpg; sourceTree = "<group>"; };
		7393B3EC268C642200E8C7A5 /* 5.jpg */ = {isa = PBXFileReference; lastKnownFileType = image.jpeg; path = 5.jpg; sourceTree = "<group>"; };
		7393B3ED268C642200E8C7A5 /* 6.jpg */ = {isa = PBXFileReference; lastKnownFileType = image.jpeg; path = 6.jpg; sourceTree = "<group>"; };
		7393B3EE268C642200E8C7A5 /* 8.jpg */ = {isa = PBXFileReference; lastKnownFileType = image.jpeg; path = 8.jpg; sourceTree = "<group>"; };
		7393B3EF268C642200E8C7A5 /* 2.jpg */ = {isa = PBXFileReference; lastKnownFileType = image.jpeg; path = 2.jpg; sourceTree = "<group>"; };
		7393B3F0268C642200E8C7A5 /* 4.jpg */ = {isa = PBXFileReference; lastKnownFileType = image.jpeg; path = 4.jpg; sourceTree = "<group>"; };
		7393B3F1268C642200E8C7A5 /* 10.jpg */ = {isa = PBXFileReference; lastKnownFileType = image.jpeg; path = 10.jpg; sourceTree = "<group>"; };
		7393B3F2268C642200E8C7A5 /* 1.jpg */ = {isa = PBXFileReference; lastKnownFileType = image.jpeg; path = 1.jpg; sourceTree = "<group>"; };
		7393B3F3268C642200E8C7A5 /* 9.jpg */ = {isa = PBXFileReference; lastKnownFileType = image.jpeg; path = 9.jpg; sourceTree = "<group>"; };
		7393B3F4268C642200E8C7A5 /* 3.jpg */ = {isa = PBXFileReference; lastKnownFileType = image.jpeg; path = 3.jpg; sourceTree = "<group>"; };
/* End PBXFileReference section */

/* Begin PBXFrameworksBuildPhase section */
		7393B3D0268C624300E8C7A5 /* Frameworks */ = {
			isa = PBXFrameworksBuildPhase;
			buildActionMask = 2147483647;
			files = (
			);
			runOnlyForDeploymentPostprocessing = 0;
		};
/* End PBXFrameworksBuildPhase section */

/* Begin PBXGroup section */
		7393B3CA268C624300E8C7A5 = {
			isa = PBXGroup;
			children = (
				7393B3D5268C624300E8C7A5 /* PickerView */,
				7393B3D4268C624300E8C7A5 /* Products */,
			);
			sourceTree = "<group>";
		};
		7393B3D4268C624300E8C7A5 /* Products */ = {
			isa = PBXGroup;
			children = (
				7393B3D3268C624300E8C7A5 /* PickerView.app */,
			);
			name = Products;
			sourceTree = "<group>";
		};
		7393B3D5268C624300E8C7A5 /* PickerView */ = {
			isa = PBXGroup;
			children = (
				7393B3EA268C63ED00E8C7A5 /* images */,
				7393B3D6268C624300E8C7A5 /* AppDelegate.swift */,
				7393B3D8268C624300E8C7A5 /* SceneDelegate.swift */,
				7393B3DA268C624300E8C7A5 /* ViewController.swift */,
				7393B3DC268C624300E8C7A5 /* Main.storyboard */,
				7393B3DF268C624500E8C7A5 /* Assets.xcassets */,
				7393B3E1268C624500E8C7A5 /* LaunchScreen.storyboard */,
				7393B3E4268C624500E8C7A5 /* Info.plist */,
			);
			path = PickerView;
			sourceTree = "<group>";
		};
		7393B3EA268C63ED00E8C7A5 /* images */ = {
			isa = PBXGroup;
			children = (
				7393B3F2268C642200E8C7A5 /* 1.jpg */,
				7393B3EF268C642200E8C7A5 /* 2.jpg */,
				7393B3F4268C642200E8C7A5 /* 3.jpg */,
				7393B3F0268C642200E8C7A5 /* 4.jpg */,
				7393B3EC268C642200E8C7A5 /* 5.jpg */,
				7393B3ED268C642200E8C7A5 /* 6.jpg */,
				7393B3EB268C642200E8C7A5 /* 7.jpg */,
				7393B3EE268C642200E8C7A5 /* 8.jpg */,
				7393B3F3268C642200E8C7A5 /* 9.jpg */,
				7393B3F1268C642200E8C7A5 /* 10.jpg */,
			);
			path = images;
			sourceTree = "<group>";
		};
/* End PBXGroup section */

/* Begin PBXNativeTarget section */
		7393B3D2268C624300E8C7A5 /* PickerView */ = {
			isa = PBXNativeTarget;
			buildConfigurationList = 7393B3E7268C624500E8C7A5 /* Build configuration list for PBXNativeTarget "PickerView" */;
			buildPhases = (
				7393B3CF268C624300E8C7A5 /* Sources */,
				7393B3D0268C624300E8C7A5 /* Frameworks */,
				7393B3D1268C624300E8C7A5 /* Resources */,
			);
			buildRules = (
			);
			dependencies = (
			);
			name = PickerView;
			productName = PickerView;
			productReference = 7393B3D3268C624300E8C7A5 /* PickerView.app */;
			productType = "com.apple.product-type.application";
		};
/* End PBXNativeTarget section */

/* Begin PBXProject section */
		7393B3CB268C624300E8C7A5 /* Project object */ = {
			isa = PBXProject;
			attributes = {
				LastSwiftUpdateCheck = 1250;
				LastUpgradeCheck = 1250;
				TargetAttributes = {
					7393B3D2268C624300E8C7A5 = {
						CreatedOnToolsVersion = 12.5.1;
					};
				};
			};
			buildConfigurationList = 7393B3CE268C624300E8C7A5 /* Build configuration list for PBXProject "PickerView" */;
			compatibilityVersion = "Xcode 9.3";
			developmentRegion = en;
			hasScannedForEncodings = 0;
			knownRegions = (
				en,
				Base,
			);
			mainGroup = 7393B3CA268C624300E8C7A5;
			productRefGroup = 7393B3D4268C624300E8C7A5 /* Products */;
			projectDirPath = "";
			projectRoot = "";
			targets = (
				7393B3D2268C624300E8C7A5 /* PickerView */,
			);
		};
/* End PBXProject section */

/* Begin PBXResourcesBuildPhase section */
		7393B3D1268C624300E8C7A5 /* Resources */ = {
			isa = PBXResourcesBuildPhase;
			buildActionMask = 2147483647;
			files = (
				7393B3FC268C642200E8C7A5 /* 1.jpg in Resources */,
				7393B3FB268C642200E8C7A5 /* 10.jpg in Resources */,
				7393B3F7268C642200E8C7A5 /* 6.jpg in Resources */,
				7393B3E3268C624500E8C7A5 /* LaunchScreen.storyboard in Resources */,
				7393B3FE268C642200E8C7A5 /* 3.jpg in Resources */,
				7393B3F6268C642200E8C7A5 /* 5.jpg in Resources */,
				7393B3E0268C624500E8C7A5 /* Assets.xcassets in Resources */,
				7393B3DE268C624300E8C7A5 /* Main.storyboard in Resources */,
				7393B3F5268C642200E8C7A5 /* 7.jpg in Resources */,
				7393B3FA268C642200E8C7A5 /* 4.jpg in Resources */,
				7393B3FD268C642200E8C7A5 /* 9.jpg in Resources */,
				7393B3F9268C642200E8C7A5 /* 2.jpg in Resources */,
				7393B3F8268C642200E8C7A5 /* 8.jpg in Resources */,
			);
			runOnlyForDeploymentPostprocessing = 0;
		};
/* End PBXResourcesBuildPhase section */

/* Begin PBXSourcesBuildPhase section */
		7393B3CF268C624300E8C7A5 /* Sources */ = {
			isa = PBXSourcesBuildPhase;
			buildActionMask = 2147483647;
			files = (
				7393B3DB268C624300E8C7A5 /* ViewController.swift in Sources */,
				7393B3D7268C624300E8C7A5 /* AppDelegate.swift in Sources */,
				7393B3D9268C624300E8C7A5 /* SceneDelegate.swift in Sources */,
			);
			runOnlyForDeploymentPostprocessing = 0;
		};
/* End PBXSourcesBuildPhase section */

/* Begin PBXVariantGroup section */
		7393B3DC268C624300E8C7A5 /* Main.storyboard */ = {
			isa = PBXVariantGroup;
			children = (
				7393B3DD268C624300E8C7A5 /* Base */,
			);
			name = Main.storyboard;
			sourceTree = "<group>";
		};
		7393B3E1268C624500E8C7A5 /* LaunchScreen.storyboard */ = {
			isa = PBXVariantGroup;
			children = (
				7393B3E2268C624500E8C7A5 /* Base */,
			);
			name = LaunchScreen.storyboard;
			sourceTree = "<group>";
		};
/* End PBXVariantGroup section */

/* Begin XCBuildConfiguration section */
		7393B3E5268C624500E8C7A5 /* Debug */ = {
			isa = XCBuildConfiguration;
			buildSettings = {
				ALWAYS_SEARCH_USER_PATHS = NO;
				CLANG_ANALYZER_NONNULL = YES;
				CLANG_ANALYZER_NUMBER_OBJECT_CONVERSION = YES_AGGRESSIVE;
				CLANG_CXX_LANGUAGE_STANDARD = "gnu++14";
				CLANG_CXX_LIBRARY = "libc++";
				CLANG_ENABLE_MODULES = YES;
				CLANG_ENABLE_OBJC_ARC = YES;
				CLANG_ENABLE_OBJC_WEAK = YES;
				CLANG_WARN_BLOCK_CAPTURE_AUTORELEASING = YES;
				CLANG_WARN_BOOL_CONVERSION = YES;
				CLANG_WARN_COMMA = YES;
				CLANG_WARN_CONSTANT_CONVERSION = YES;
				CLANG_WARN_DEPRECATED_OBJC_IMPLEMENTATIONS = YES;
				CLANG_WARN_DIRECT_OBJC_ISA_USAGE = YES_ERROR;
				CLANG_WARN_DOCUMENTATION_COMMENTS = YES;
				CLANG_WARN_EMPTY_BODY = YES;
				CLANG_WARN_ENUM_CONVERSION = YES;
				CLANG_WARN_INFINITE_RECURSION = YES;
				CLANG_WARN_INT_CONVERSION = YES;
				CLANG_WARN_NON_LITERAL_NULL_CONVERSION = YES;
				CLANG_WARN_OBJC_IMPLICIT_RETAIN_SELF = YES;
				CLANG_WARN_OBJC_LITERAL_CONVERSION = YES;
				CLANG_WARN_OBJC_ROOT_CLASS = YES_ERROR;
				CLANG_WARN_QUOTED_INCLUDE_IN_FRAMEWORK_HEADER = YES;
				CLANG_WARN_RANGE_LOOP_ANALYSIS = YES;
				CLANG_WARN_STRICT_PROTOTYPES = YES;
				CLANG_WARN_SUSPICIOUS_MOVE = YES;
				CLANG_WARN_UNGUARDED_AVAILABILITY = YES_AGGRESSIVE;
				CLANG_WARN_UNREACHABLE_CODE = YES;
				CLANG_WARN__DUPLICATE_METHOD_MATCH = YES;
				COPY_PHASE_STRIP = NO;
				DEBUG_INFORMATION_FORMAT = dwarf;
				ENABLE_STRICT_OBJC_MSGSEND = YES;
				ENABLE_TESTABILITY = YES;
				GCC_C_LANGUAGE_STANDARD = gnu11;
				GCC_DYNAMIC_NO_PIC = NO;
				GCC_NO_COMMON_BLOCKS = YES;
				GCC_OPTIMIZATION_LEVEL = 0;
				GCC_PREPROCESSOR_DEFINITIONS = (
					"DEBUG=1",
					"$(inherited)",
				);
				GCC_WARN_64_TO_32_BIT_CONVERSION = YES;
				GCC_WARN_ABOUT_RETURN_TYPE = YES_ERROR;
				GCC_WARN_UNDECLARED_SELECTOR = YES;
				GCC_WARN_UNINITIALIZED_AUTOS = YES_AGGRESSIVE;
				GCC_WARN_UNUSED_FUNCTION = YES;
				GCC_WARN_UNUSED_VARIABLE = YES;
				IPHONEOS_DEPLOYMENT_TARGET = 14.5;
				MTL_ENABLE_DEBUG_INFO = INCLUDE_SOURCE;
				MTL_FAST_MATH = YES;
				ONLY_ACTIVE_ARCH = YES;
				SDKROOT = iphoneos;
				SWIFT_ACTIVE_COMPILATION_CONDITIONS = DEBUG;
				SWIFT_OPTIMIZATION_LEVEL = "-Onone";
			};
			name = Debug;
		};
		7393B3E6268C624500E8C7A5 /* Release */ = {
			isa = XCBuildConfiguration;
			buildSettings = {
				ALWAYS_SEARCH_USER_PATHS = NO;
				CLANG_ANALYZER_NONNULL = YES;
				CLANG_ANALYZER_NUMBER_OBJECT_CONVERSION = YES_AGGRESSIVE;
				CLANG_CXX_LANGUAGE_STANDARD = "gnu++14";
				CLANG_CXX_LIBRARY = "libc++";
				CLANG_ENABLE_MODULES = YES;
				CLANG_ENABLE_OBJC_ARC = YES;
				CLANG_ENABLE_OBJC_WEAK = YES;
				CLANG_WARN_BLOCK_CAPTURE_AUTORELEASING = YES;
				CLANG_WARN_BOOL_CONVERSION = YES;
				CLANG_WARN_COMMA = YES;
				CLANG_WARN_CONSTANT_CONVERSION = YES;
				CLANG_WARN_DEPRECATED_OBJC_IMPLEMENTATIONS = YES;
				CLANG_WARN_DIRECT_OBJC_ISA_USAGE = YES_ERROR;
				CLANG_WARN_DOCUMENTATION_COMMENTS = YES;
				CLANG_WARN_EMPTY_BODY = YES;
				CLANG_WARN_ENUM_CONVERSION = YES;
				CLANG_WARN_INFINITE_RECURSION = YES;
				CLANG_WARN_INT_CONVERSION = YES;
				CLANG_WARN_NON_LITERAL_NULL_CONVERSION = YES;
				CLANG_WARN_OBJC_IMPLICIT_RETAIN_SELF = YES;
				CLANG_WARN_OBJC_LITERAL_CONVERSION = YES;
				CLANG_WARN_OBJC_ROOT_CLASS = YES_ERROR;
				CLANG_WARN_QUOTED_INCLUDE_IN_FRAMEWORK_HEADER = YES;
				CLANG_WARN_RANGE_LOOP_ANALYSIS = YES;
				CLANG_WARN_STRICT_PROTOTYPES = YES;
				CLANG_WARN_SUSPICIOUS_MOVE = YES;
				CLANG_WARN_UNGUARDED_AVAILABILITY = YES_AGGRESSIVE;
				CLANG_WARN_UNREACHABLE_CODE = YES;
				CLANG_WARN__DUPLICATE_METHOD_MATCH = YES;
				COPY_PHASE_STRIP = NO;
				DEBUG_INFORMATION_FORMAT = "dwarf-with-dsym";
				ENABLE_NS_ASSERTIONS = NO;
				ENABLE_STRICT_OBJC_MSGSEND = YES;
				GCC_C_LANGUAGE_STANDARD = gnu11;
				GCC_NO_COMMON_BLOCKS = YES;
				GCC_WARN_64_TO_32_BIT_CONVERSION = YES;
				GCC_WARN_ABOUT_RETURN_TYPE = YES_ERROR;
				GCC_WARN_UNDECLARED_SELECTOR = YES;
				GCC_WARN_UNINITIALIZED_AUTOS = YES_AGGRESSIVE;
				GCC_WARN_UNUSED_FUNCTION = YES;
				GCC_WARN_UNUSED_VARIABLE = YES;
				IPHONEOS_DEPLOYMENT_TARGET = 14.5;
				MTL_ENABLE_DEBUG_INFO = NO;
				MTL_FAST_MATH = YES;
				SDKROOT = iphoneos;
				SWIFT_COMPILATION_MODE = wholemodule;
				SWIFT_OPTIMIZATION_LEVEL = "-O";
				VALIDATE_PRODUCT = YES;
			};
			name = Release;
		};
		7393B3E8268C624500E8C7A5 /* Debug */ = {
			isa = XCBuildConfiguration;
			buildSettings = {
				ASSETCATALOG_COMPILER_APPICON_NAME = AppIcon;
				ASSETCATALOG_COMPILER_GLOBAL_ACCENT_COLOR_NAME = AccentColor;
				CODE_SIGN_STYLE = Automatic;
				INFOPLIST_FILE = PickerView/Info.plist;
				LD_RUNPATH_SEARCH_PATHS = (
					"$(inherited)",
					"@executable_path/Frameworks",
				);
				PRODUCT_BUNDLE_IDENTIFIER = com.moons.PickerView;
				PRODUCT_NAME = "$(TARGET_NAME)";
				SWIFT_VERSION = 5.0;
				TARGETED_DEVICE_FAMILY = 1;
			};
			name = Debug;
		};
		7393B3E9268C624500E8C7A5 /* Release */ = {
			isa = XCBuildConfiguration;
			buildSettings = {
				ASSETCATALOG_COMPILER_APPICON_NAME = AppIcon;
				ASSETCATALOG_COMPILER_GLOBAL_ACCENT_COLOR_NAME = AccentColor;
				CODE_SIGN_STYLE = Automatic;
				INFOPLIST_FILE = PickerView/Info.plist;
				LD_RUNPATH_SEARCH_PATHS = (
					"$(inherited)",
					"@executable_path/Frameworks",
				);
				PRODUCT_BUNDLE_IDENTIFIER = com.moons.PickerView;
				PRODUCT_NAME = "$(TARGET_NAME)";
				SWIFT_VERSION = 5.0;
				TARGETED_DEVICE_FAMILY = 1;
			};
			name = Release;
		};
/* End XCBuildConfiguration section */

/* Begin XCConfigurationList section */
		7393B3CE268C624300E8C7A5 /* Build configuration list for PBXProject "PickerView" */ = {
			isa = XCConfigurationList;
			buildConfigurations = (
				7393B3E5268C624500E8C7A5 /* Debug */,
				7393B3E6268C624500E8C7A5 /* Release */,
			);
			defaultConfigurationIsVisible = 0;
			defaultConfigurationName = Release;
		};
		7393B3E7268C624500E8C7A5 /* Build configuration list for PBXNativeTarget "PickerView" */ = {
			isa = XCConfigurationList;
			buildConfigurations = (
				7393B3E8268C624500E8C7A5 /* Debug */,
				7393B3E9268C624500E8C7A5 /* Release */,
			);
			defaultConfigurationIsVisible = 0;
			defaultConfigurationName = Release;
		};
/* End XCConfigurationList section */
	};
	rootObject = 7393B3CB268C624300E8C7A5 /* Project object */;
}
